
Microsoft Visual Studio Solution File, Format Version 12.00
# Visual Studio Version 17
VisualStudioVersion = 17.12.35707.178 d17.12
MinimumVisualStudioVersion = 10.0.40219.1
Project("{FAE04EC0-301F-11D3-BF4B-00C04F79EFBC}") = "EigenTypes", "EigenTypes\EigenTypes.csproj", "{451A6E0C-C98A-479B-B31D-01E7CB607DAE}"
EndProject
Project("{FAE04EC0-301F-11D3-BF4B-00C04F79EFBC}") = "Lampen", "Lampen\Lampen.csproj", "{B031486C-2B24-4250-919B-E3CEE21ACB44}"
EndProject
Global
	GlobalSection(SolutionConfigurationPlatforms) = preSolution
		Debug|Any CPU = Debug|Any CPU
		Release|Any CPU = Release|Any CPU
	EndGlobalSection
	GlobalSection(ProjectConfigurationPlatforms) = postSolution
		{451A6E0C-C98A-479B-B31D-01E7CB607DAE}.Debug|Any CPU.ActiveCfg = Debug|Any CPU
		{451A6E0C-C98A-479B-B31D-01E7CB607DAE}.Debug|Any CPU.Build.0 = Debug|Any CPU
		{451A6E0C-C98A-479B-B31D-01E7CB607DAE}.Release|Any CPU.ActiveCfg = Release|Any CPU
		{451A6E0C-C98A-479B-B31D-01E7CB607DAE}.Release|Any CPU.Build.0 = Release|Any CPU
		{B031486C-2B24-4250-919B-E3CEE21ACB44}.Debug|Any CPU.ActiveCfg = Debug|Any CPU
		{B031486C-2B24-4250-919B-E3CEE21ACB44}.Debug|Any CPU.Build.0 = Debug|Any CPU
		{B031486C-2B24-4250-919B-E3CEE21ACB44}.Release|Any CPU.ActiveCfg = Release|Any CPU
		{B031486C-2B24-4250-919B-E3CEE21ACB44}.Release|Any CPU.Build.0 = Release|Any CPU
	EndGlobalSection
	GlobalSection(SolutionProperties) = preSolution
		HideSolutionNode = FALSE
	EndGlobalSection
EndGlobal
