
Microsoft Visual Studio Solution File, Format Version 12.00
# Visual Studio Version 17
VisualStudioVersion = 17.12.35707.178 d17.12
MinimumVisualStudioVersion = 10.0.40219.1
Project("{FAE04EC0-301F-11D3-BF4B-00C04F79EFBC}") = "Basics", "Basics\Basics.csproj", "{5B5D02E4-5371-4BB6-BABD-8094AF0D5D5F}"
EndProject
Project("{FAE04EC0-301F-11D3-BF4B-00C04F79EFBC}") = "Loopings", "Loopings\Loopings.csproj", "{77EC8319-83B8-4FEB-80D7-2C447AA12A94}"
EndProject
Project("{FAE04EC0-301F-11D3-BF4B-00C04F79EFBC}") = "Collections", "Collections\Collections.csproj", "{572AED15-D664-41C3-AE2A-1D557F5D87F3}"
EndProject
Global
	GlobalSection(SolutionConfigurationPlatforms) = preSolution
		Debug|Any CPU = Debug|Any CPU
		Release|Any CPU = Release|Any CPU
	EndGlobalSection
	GlobalSection(ProjectConfigurationPlatforms) = postSolution
		{5B5D02E4-5371-4BB6-BABD-8094AF0D5D5F}.Debug|Any CPU.ActiveCfg = Debug|Any CPU
		{5B5D02E4-5371-4BB6-BABD-8094AF0D5D5F}.Debug|Any CPU.Build.0 = Debug|Any CPU
		{5B5D02E4-5371-4BB6-BABD-8094AF0D5D5F}.Release|Any CPU.ActiveCfg = Release|Any CPU
		{5B5D02E4-5371-4BB6-BABD-8094AF0D5D5F}.Release|Any CPU.Build.0 = Release|Any CPU
		{77EC8319-83B8-4FEB-80D7-2C447AA12A94}.Debug|Any CPU.ActiveCfg = Debug|Any CPU
		{77EC8319-83B8-4FEB-80D7-2C447AA12A94}.Debug|Any CPU.Build.0 = Debug|Any CPU
		{77EC8319-83B8-4FEB-80D7-2C447AA12A94}.Release|Any CPU.ActiveCfg = Release|Any CPU
		{77EC8319-83B8-4FEB-80D7-2C447AA12A94}.Release|Any CPU.Build.0 = Release|Any CPU
		{572AED15-D664-41C3-AE2A-1D557F5D87F3}.Debug|Any CPU.ActiveCfg = Debug|Any CPU
		{572AED15-D664-41C3-AE2A-1D557F5D87F3}.Debug|Any CPU.Build.0 = Debug|Any CPU
		{572AED15-D664-41C3-AE2A-1D557F5D87F3}.Release|Any CPU.ActiveCfg = Release|Any CPU
		{572AED15-D664-41C3-AE2A-1D557F5D87F3}.Release|Any CPU.Build.0 = Release|Any CPU
	EndGlobalSection
	GlobalSection(SolutionProperties) = preSolution
		HideSolutionNode = FALSE
	EndGlobalSection
EndGlobal
